# THIS IS AN AUTOGENERATED FILE. DO NOT EDIT THIS FILE DIRECTLY.
# yarn lockfile v1


"@avery42/preact-custom-element@^4.2.1":
  version "4.2.1"
  resolved "https://registry.yarnpkg.com/@avery42/preact-custom-element/-/preact-custom-element-4.2.1.tgz#dc6493004e7ebed30ef7be4adedcd4a4adc99752"
  integrity sha512-7dlldhWh6QHaiw+Y90G+IK59iING7/r3wpd5eHfxqNZDnGw2a6UE+QTFwyuHc4U+fWirTubMq1bTC4bda2yvJA==

"@types/dompurify@^2.3.3":
  version "2.3.3"
  resolved "https://registry.yarnpkg.com/@types/dompurify/-/dompurify-2.3.3.tgz#c24c92f698f77ed9cc9d9fa7888f90cf2bfaa23f"
  integrity sha512-nnVQSgRVuZ/843oAfhA25eRSNzUFcBPk/LOiw5gm8mD9/X7CNcbRkQu/OsjCewO8+VIYfPxUnXvPEVGenw14+w==
  dependencies:
    "@types/trusted-types" "*"

"@types/marked@^4.0.3":
  version "4.0.3"
  resolved "https://registry.yarnpkg.com/@types/marked/-/marked-4.0.3.tgz#2098f4a77adaba9ce881c9e0b6baf29116e5acc4"
  integrity sha512-HnMWQkLJEf/PnxZIfbm0yGJRRZYYMhb++O9M36UCTA9z53uPvVoSlAwJr3XOpDEryb7Hwl1qAx/MV6YIW1RXxg==

"@types/path-browserify@^1.0.0":
  version "1.0.0"
  resolved "https://registry.yarnpkg.com/@types/path-browserify/-/path-browserify-1.0.0.tgz#294ec6e88b6b0d340a3897b7120e5b393f16690e"
  integrity sha512-XMCcyhSvxcch8b7rZAtFAaierBYdeHXVvg2iYnxOV0MCQHmPuRRmGZPFDRzPayxcGiiSL1Te9UIO+f3cuj0tfw==

"@types/prop-types@*":
  version "15.7.4"
  resolved "https://registry.yarnpkg.com/@types/prop-types/-/prop-types-15.7.4.tgz#fcf7205c25dff795ee79af1e30da2c9790808f11"
  integrity sha512-rZ5drC/jWjrArrS8BR6SIr4cWpW09RNTYt9AMZo3Jwwif+iacXAqgVjm0B0Bv/S1jhDXKHqRVNCbACkJ89RAnQ==

"@types/react@^17.0.42":
  version "17.0.47"
  resolved "https://registry.yarnpkg.com/@types/react/-/react-17.0.47.tgz#4ee71aaf4c5a9e290e03aa4d0d313c5d666b3b78"
  integrity sha512-mk0BL8zBinf2ozNr3qPnlu1oyVTYq+4V7WA76RgxUAtf0Em/Wbid38KN6n4abEkvO4xMTBWmnP1FtQzgkEiJoA==
  dependencies:
    "@types/prop-types" "*"
    "@types/scheduler" "*"
    csstype "^3.0.2"

"@types/scheduler@*":
  version "0.16.2"
  resolved "https://registry.yarnpkg.com/@types/scheduler/-/scheduler-0.16.2.tgz#1a62f89525723dde24ba1b01b092bf5df8ad4d39"
  integrity sha512-hppQEBDmlwhFAXKJX2KnWLYu5yMfi91yazPb2l+lbJiwW+wdo1gNeRA+3RgNSO39WYX2euey41KEwnqesU2Jew==

"@types/trusted-types@*":
  version "2.0.2"
  resolved "https://registry.yarnpkg.com/@types/trusted-types/-/trusted-types-2.0.2.tgz#fc25ad9943bcac11cceb8168db4f275e0e72e756"
  integrity sha512-F5DIZ36YVLE+PN+Zwws4kJogq47hNgX3Nx6WyDJ3kcplxyke3XIzB8uK5n/Lpm1HBsbGzd6nmGehL8cPekP+Tg==

classnames@^2.3.1:
  version "2.3.1"
  resolved "https://registry.yarnpkg.com/classnames/-/classnames-2.3.1.tgz#dfcfa3891e306ec1dad105d0e88f4417b8535e8e"
  integrity sha512-OlQdbZ7gLfGarSqxesMesDa5uz7KFbID8Kpq/SxIoNGDqY8lSYs0D+hhtBXhcdB3rcbXArFr7vlHheLk1voeNA==

csstype@^3.0.2:
  version "3.0.11"
  resolved "https://registry.yarnpkg.com/csstype/-/csstype-3.0.11.tgz#d66700c5eacfac1940deb4e3ee5642792d85cd33"
  integrity sha512-sa6P2wJ+CAbgyy4KFssIb/JNMLxFvKF1pCYCSXS8ZMuqZnMsrxqI2E5sPyoTpxoPU/gVZMzr2zjOfg8GIZOMsw==

dom-chef@^5.0.0:
  version "5.1.0"
  resolved "https://registry.yarnpkg.com/dom-chef/-/dom-chef-5.1.0.tgz#96cf01475dc30362f1549e1c05ce26aeeb319e24"
  integrity sha512-zV1cLrO8sl7X5dWTLp6SQM/DzadfXQEgVf+sfXZqGUd709ezeEfpI8n/IgW2O8kt1sfIgZA+Us0lbKSkP4foqQ==
  dependencies:
    "@types/react" "^17.0.42"
    svg-tag-names "^3.0.1"

dompurify@^2.3.9:
  version "2.3.9"
  resolved "https://registry.yarnpkg.com/dompurify/-/dompurify-2.3.9.tgz#a4be5e7278338d6db09922dffcf6182cd099d70a"
  integrity sha512-3zOnuTwup4lPV/GfGS6UzG4ub9nhSYagR/5tB3AvDEwqyy5dtyCM2dVjwGDCnrPerXifBKTYh/UWCGKK7ydhhw==

marked@^4.0.18:
  version "4.0.18"
  resolved "https://registry.yarnpkg.com/marked/-/marked-4.0.18.tgz#cd0ac54b2e5610cfb90e8fd46ccaa8292c9ed569"
  integrity sha512-wbLDJ7Zh0sqA0Vdg6aqlbT+yPxqLblpAZh1mK2+AO2twQkPywvvqQNfEPVwSSRjZ7dZcdeVBIAgiO7MMp3Dszw==

path-browserify@^1.0.1:
  version "1.0.1"
  resolved "https://registry.yarnpkg.com/path-browserify/-/path-browserify-1.0.1.tgz#d98454a9c3753d5790860f16f68867b9e46be1fd"
  integrity sha512-b7uo2UCUOYZcnF/3ID0lulOJi/bafxa1xPe7ZPsammBSpjSWQkjNxlt635YGS2MiR9GjvuXCtz2emr3jbsz98g==

preact@^10.7.1:
  version "10.10.0"
  resolved "https://registry.yarnpkg.com/preact/-/preact-10.10.0.tgz#7434750a24b59dae1957d95dc0aa47a4a8e9a180"
  integrity sha512-fszkg1iJJjq68I4lI8ZsmBiaoQiQHbxf1lNq+72EmC/mZOsFF5zn3k1yv9QGoFgIXzgsdSKtYymLJsrJPoamjQ==

prettier-plugin-organize-imports@^2.3.4:
  version "2.3.4"
  resolved "https://registry.yarnpkg.com/prettier-plugin-organize-imports/-/prettier-plugin-organize-imports-2.3.4.tgz#65473861ae5ab7960439fff270a2258558fbe9ba"
  integrity sha512-R8o23sf5iVL/U71h9SFUdhdOEPsi3nm42FD/oDYIZ2PQa4TNWWuWecxln6jlIQzpZTDMUeO1NicJP6lLn2TtRw==

prettier@^2.6.0:
  version "2.7.1"
  resolved "https://registry.yarnpkg.com/prettier/-/prettier-2.7.1.tgz#e235806850d057f97bb08368a4f7d899f7760c64"
  integrity sha512-ujppO+MkdPqoVINuDFDRLClm7D78qbDt0/NR+wp5FqEZOoTNAjPHWj17QRhu7geIHJfcNhRk1XVQmF8Bp3ye+g==

svg-tag-names@^3.0.1:
  version "3.0.1"
  resolved "https://registry.yarnpkg.com/svg-tag-names/-/svg-tag-names-3.0.1.tgz#9a89117c1644104cb798e75f9c3cf18fa8d52231"
  integrity sha512-R5EDS44RQSOwwKIOOUZLKZggMeFL8fDSSZr1hVK5Z0KkyuGVOZfyepBZDkPu/aoL+hSOysxxvAk8uN4yN2LOMQ==

typescript@^4.6.2:
  version "4.7.4"
  resolved "https://registry.yarnpkg.com/typescript/-/typescript-4.7.4.tgz#1a88596d1cf47d59507a1bcdfb5b9dfe4d488235"
  integrity sha512-C0WQT0gezHuw6AdY1M2jxUO83Rjf0HP7Sk1DtXj6j1EwkQNZrHAg2XPWlq62oqEhYvONq5pkC2Y9oPljWToLmQ==
